{
  "name": "kino-browser-zombies",
  "version": "0.1.0",
  "lockfileVersion": 3,
  "requires": true,
  "packages": {
    "": {
      "name": "kino-browser-zombies",
      "version": "0.1.0",
      "license": "MIT",
      "dependencies": {
        "@recast-navigation/core": "0.43.1",
        "@recast-navigation/generators": "0.43.1",
        "three": "0.186.0",
        "three-mesh-bvh": "0.9.14"
      },
      "devDependencies": {
        "playwright-core": "1.62.1"
      },
      "engines": {
        "node": ">=24"
      }
    },
    "node_modules/@recast-navigation/core": {
      "version": "0.43.1",
      "resolved": "https://registry.npmjs.org/@recast-navigation/core/-/core-0.43.1.tgz",
      "integrity": "sha512-4igfPgnoV90O92sDSIA0xHa6tanh3z/udlgGmD0SqGQ6PKV4JS2l9jWO8YnxfZuXP/NV52H4c5FU6pSdZc9WDA==",
      "license": "MIT",
      "dependencies": {
        "@recast-navigation/wasm": "0.43.1"
      }
    },
    "node_modules/@recast-navigation/generators": {
      "version": "0.43.1",
      "resolved": "https://registry.npmjs.org/@recast-navigation/generators/-/generators-0.43.1.tgz",
      "integrity": "sha512-w7r6k/A93wWxuSN+Lg+PmlsUVXq06r5bqXmBglolxqDt2O/Y776BIhYtb6P2P6pbYqDWORu9NCZZJzfY4FNpaA==",
      "license": "MIT",
      "dependencies": {
        "@recast-navigation/core": "0.43.1",
        "@recast-navigation/wasm": "0.43.1"
      }
    },
    "node_modules/@recast-navigation/wasm": {
      "version": "0.43.1",
      "resolved": "https://registry.npmjs.org/@recast-navigation/wasm/-/wasm-0.43.1.tgz",
      "integrity": "sha512-XFL6PhO8JodwXUHBSAkfaLUdUEweIkJsdP3HTmtJvMs5fkqEWxWJmBskZlACHJepv55NAriqWxOtuLlG3t7+Hg==",
      "license": "MIT"
    },
    "node_modules/playwright-core": {
      "version": "1.62.1",
      "resolved": "https://registry.npmjs.org/playwright-core/-/playwright-core-1.62.1.tgz",
      "integrity": "sha512-wPYSwEBJY9GHraISXqyqtx0na0LpO3XEX7jNDhntbex7tzUS7kLnZsOlFruFJB4Hi/rhDMjXGqHewDZ68nYZVw==",
      "dev": true,
      "license": "Apache-2.0",
      "bin": {
        "playwright-core": "cli.js"
      },
      "engines": {
        "node": ">=20"
      }
    },
    "node_modules/three": {
      "version": "0.186.0",
      "resolved": "https://registry.npmjs.org/three/-/three-0.186.0.tgz",
      "integrity": "sha512-cr/fIM2ddMSVbYVgkfD4jLJv7Fh/8ZTjvo+7gQeSVGUZHxpx9FDwoL5iC7hUz/LiRA8wMbqfnb90xKfm1/HHkQ==",
      "license": "MIT"
    },
    "node_modules/three-mesh-bvh": {
      "version": "0.9.14",
      "resolved": "https://registry.npmjs.org/three-mesh-bvh/-/three-mesh-bvh-0.9.14.tgz",
      "integrity": "sha512-xJzfUXnLYjgw5tRKGxjfJW3Pcx0IbwNskvpdwRryhK07SYrKrYB4W8zAaPxu784gK7G4lCBgG+vfG3YeYn95kg==",
      "license": "MIT",
      "peerDependencies": {
        "three": ">= 0.159.0"
      }
    }
  }
}
